
Microsoft Visual Studio Solution File, Format Version 12.00
# Visual Studio Version 17
VisualStudioVersion = 17.3.32922.545
MinimumVisualStudioVersion = 10.0.40219.1
Project("{FAE04EC0-301F-11D3-BF4B-00C04F79EFBC}") = "sensors-with-entity-framework", "sensors-with-entity-framework\sensors-with-entity-framework.csproj", "{FE519BFE-7DB1-4153-B4E4-35603D42FE82}"
EndProject
Global
	GlobalSection(SolutionConfigurationPlatforms) = preSolution
		Debug|Any CPU = Debug|Any CPU
		Release|Any CPU = Release|Any CPU
	EndGlobalSection
	GlobalSection(ProjectConfigurationPlatforms) = postSolution
		{FE519BFE-7DB1-4153-B4E4-35603D42FE82}.Debug|Any CPU.ActiveCfg = Debug|Any CPU
		{FE519BFE-7DB1-4153-B4E4-35603D42FE82}.Debug|Any CPU.Build.0 = Debug|Any CPU
		{FE519BFE-7DB1-4153-B4E4-35603D42FE82}.Release|Any CPU.ActiveCfg = Release|Any CPU
		{FE519BFE-7DB1-4153-B4E4-35603D42FE82}.Release|Any CPU.Build.0 = Release|Any CPU
	EndGlobalSection
	GlobalSection(SolutionProperties) = preSolution
		HideSolutionNode = FALSE
	EndGlobalSection
	GlobalSection(ExtensibilityGlobals) = postSolution
		SolutionGuid = {54F3E3D8-E927-4284-9A78-8DBA43BEB48C}
	EndGlobalSection
EndGlobal
